// !$*UTF8*$!
{
	archiveVersion = 1;
	classes = {
	};
	objectVersion = 55;
	objects = {

/* Begin PBXBuildFile section */
		0401D90827AB5CFB00D12D60 /* Modern_Fertility_AssessmentApp.swift in Sources */ = {isa = PBXBuildFile; fileRef = 0401D90727AB5CFB00D12D60 /* Modern_Fertility_AssessmentApp.swift */; };
		0401D90A27AB5CFB00D12D60 /* ContentView.swift in Sources */ = {isa = PBXBuildFile; fileRef = 0401D90927AB5CFB00D12D60 /* ContentView.swift */; };
		0401D90C27AB5CFD00D12D60 /* Assets.xcassets in Resources */ = {isa = PBXBuildFile; fileRef = 0401D90B27AB5CFD00D12D60 /* Assets.xcassets */; };
		0401D90F27AB5CFD00D12D60 /* Preview Assets.xcassets in Resources */ = {isa = PBXBuildFile; fileRef = 0401D90E27AB5CFD00D12D60 /* Preview Assets.xcassets */; };
		0401D91927AB5CFD00D12D60 /* Modern_Fertility_AssessmentTests.swift in Sources */ = {isa = PBXBuildFile; fileRef = 0401D91827AB5CFD00D12D60 /* Modern_Fertility_AssessmentTests.swift */; };
		0401D92327AB5CFD00D12D60 /* Modern_Fertility_AssessmentUITests.swift in Sources */ = {isa = PBXBuildFile; fileRef = 0401D92227AB5CFD00D12D60 /* Modern_Fertility_AssessmentUITests.swift */; };
		0401D92527AB5CFD00D12D60 /* Modern_Fertility_AssessmentUITestsLaunchTests.swift in Sources */ = {isa = PBXBuildFile; fileRef = 0401D92427AB5CFD00D12D60 /* Modern_Fertility_AssessmentUITestsLaunchTests.swift */; };
		0401D93327AB5D8B00D12D60 /* RemoteNetworkProvider.swift in Sources */ = {isa = PBXBuildFile; fileRef = 0401D93227AB5D8B00D12D60 /* RemoteNetworkProvider.swift */; };
		0401D93727AB824900D12D60 /* Localizable.strings in Resources */ = {isa = PBXBuildFile; fileRef = 0401D93627AB824900D12D60 /* Localizable.strings */; };
		0401D93927AB866B00D12D60 /* ContentViewModel.swift in Sources */ = {isa = PBXBuildFile; fileRef = 0401D93827AB866B00D12D60 /* ContentViewModel.swift */; };
		0401D93B27AB868500D12D60 /* SocialPost.swift in Sources */ = {isa = PBXBuildFile; fileRef = 0401D93A27AB868500D12D60 /* SocialPost.swift */; };
		0401D93D27AB893100D12D60 /* SocialPostView.swift in Sources */ = {isa = PBXBuildFile; fileRef = 0401D93C27AB893100D12D60 /* SocialPostView.swift */; };
		0401D93F27AB95A200D12D60 /* SocialPostDetailsView.swift in Sources */ = {isa = PBXBuildFile; fileRef = 0401D93E27AB95A200D12D60 /* SocialPostDetailsView.swift */; };
/* End PBXBuildFile section */

/* Begin PBXContainerItemProxy section */
		0401D91527AB5CFD00D12D60 /* PBXContainerItemProxy */ = {
			isa = PBXContainerItemProxy;
			containerPortal = 0401D8FC27AB5CFB00D12D60 /* Project object */;
			proxyType = 1;
			remoteGlobalIDString = 0401D90327AB5CFB00D12D60;
			remoteInfo = "Modern Fertility Assessment";
		};
		0401D91F27AB5CFD00D12D60 /* PBXContainerItemProxy */ = {
			isa = PBXContainerItemProxy;
			containerPortal = 0401D8FC27AB5CFB00D12D60 /* Project object */;
			proxyType = 1;
			remoteGlobalIDString = 0401D90327AB5CFB00D12D60;
			remoteInfo = "Modern Fertility Assessment";
		};
/* End PBXContainerItemProxy section */

/* Begin PBXFileReference section */
		0401D90427AB5CFB00D12D60 /* Modern Fertility Assessment.app */ = {isa = PBXFileReference; explicitFileType = wrapper.application; includeInIndex = 0; path = "Modern Fertility Assessment.app"; sourceTree = BUILT_PRODUCTS_DIR; };
		0401D90727AB5CFB00D12D60 /* Modern_Fertility_AssessmentApp.swift */ = {isa = PBXFileReference; lastKnownFileType = sourcecode.swift; path = Modern_Fertility_AssessmentApp.swift; sourceTree = "<group>"; };
		0401D90927AB5CFB00D12D60 /* ContentView.swift */ = {isa = PBXFileReference; lastKnownFileType = sourcecode.swift; path = ContentView.swift; sourceTree = "<group>"; };
		0401D90B27AB5CFD00D12D60 /* Assets.xcassets */ = {isa = PBXFileReference; lastKnownFileType = folder.assetcatalog; path = Assets.xcassets; sourceTree = "<group>"; };
		0401D90E27AB5CFD00D12D60 /* Preview Assets.xcassets */ = {isa = PBXFileReference; lastKnownFileType = folder.assetcatalog; path = "Preview Assets.xcassets"; sourceTree = "<group>"; };
		0401D91427AB5CFD00D12D60 /* Modern Fertility AssessmentTests.xctest */ = {isa = PBXFileReference; explicitFileType = wrapper.cfbundle; includeInIndex = 0; path = "Modern Fertility AssessmentTests.xctest"; sourceTree = BUILT_PRODUCTS_DIR; };
		0401D91827AB5CFD00D12D60 /* Modern_Fertility_AssessmentTests.swift */ = {isa = PBXFileReference; lastKnownFileType = sourcecode.swift; path = Modern_Fertility_AssessmentTests.swift; sourceTree = "<group>"; };
		0401D91E27AB5CFD00D12D60 /* Modern Fertility AssessmentUITests.xctest */ = {isa = PBXFileReference; explicitFileType = wrapper.cfbundle; includeInIndex = 0; path = "Modern Fertility AssessmentUITests.xctest"; sourceTree = BUILT_PRODUCTS_DIR; };
		0401D92227AB5CFD00D12D60 /* Modern_Fertility_AssessmentUITests.swift */ = {isa = PBXFileReference; lastKnownFileType = sourcecode.swift; path = Modern_Fertility_AssessmentUITests.swift; sourceTree = "<group>"; };
		0401D92427AB5CFD00D12D60 /* Modern_Fertility_AssessmentUITestsLaunchTests.swift */ = {isa = PBXFileReference; lastKnownFileType = sourcecode.swift; path = Modern_Fertility_AssessmentUITestsLaunchTests.swift; sourceTree = "<group>"; };
		0401D93227AB5D8B00D12D60 /* RemoteNetworkProvider.swift */ = {isa = PBXFileReference; lastKnownFileType = sourcecode.swift; path = RemoteNetworkProvider.swift; sourceTree = "<group>"; };
		0401D93627AB824900D12D60 /* Localizable.strings */ = {isa = PBXFileReference; lastKnownFileType = text.plist.strings; path = Localizable.strings; sourceTree = "<group>"; };
		0401D93827AB866B00D12D60 /* ContentViewModel.swift */ = {isa = PBXFileReference; lastKnownFileType = sourcecode.swift; path = ContentViewModel.swift; sourceTree = "<group>"; };
		0401D93A27AB868500D12D60 /* SocialPost.swift */ = {isa = PBXFileReference; lastKnownFileType = sourcecode.swift; path = SocialPost.swift; sourceTree = "<group>"; };
		0401D93C27AB893100D12D60 /* SocialPostView.swift */ = {isa = PBXFileReference; lastKnownFileType = sourcecode.swift; path = SocialPostView.swift; sourceTree = "<group>"; };
		0401D93E27AB95A200D12D60 /* SocialPostDetailsView.swift */ = {isa = PBXFileReference; lastKnownFileType = sourcecode.swift; path = SocialPostDetailsView.swift; sourceTree = "<group>"; };
/* End PBXFileReference section */

/* Begin PBXFrameworksBuildPhase section */
		0401D90127AB5CFB00D12D60 /* Frameworks */ = {
			isa = PBXFrameworksBuildPhase;
			buildActionMask = 2147483647;
			files = (
			);
			runOnlyForDeploymentPostprocessing = 0;
		};
		0401D91127AB5CFD00D12D60 /* Frameworks */ = {
			isa = PBXFrameworksBuildPhase;
			buildActionMask = 2147483647;
			files = (
			);
			runOnlyForDeploymentPostprocessing = 0;
		};
		0401D91B27AB5CFD00D12D60 /* Frameworks */ = {
			isa = PBXFrameworksBuildPhase;
			buildActionMask = 2147483647;
			files = (
			);
			runOnlyForDeploymentPostprocessing = 0;
		};
/* End PBXFrameworksBuildPhase section */

/* Begin PBXGroup section */
		0401D8FB27AB5CFB00D12D60 = {
			isa = PBXGroup;
			children = (
				0401D90627AB5CFB00D12D60 /* Modern Fertility Assessment */,
				0401D91727AB5CFD00D12D60 /* Modern Fertility AssessmentTests */,
				0401D92127AB5CFD00D12D60 /* Modern Fertility AssessmentUITests */,
				0401D90527AB5CFB00D12D60 /* Products */,
			);
			sourceTree = "<group>";
		};
		0401D90527AB5CFB00D12D60 /* Products */ = {
			isa = PBXGroup;
			children = (
				0401D90427AB5CFB00D12D60 /* Modern Fertility Assessment.app */,
				0401D91427AB5CFD00D12D60 /* Modern Fertility AssessmentTests.xctest */,
				0401D91E27AB5CFD00D12D60 /* Modern Fertility AssessmentUITests.xctest */,
			);
			name = Products;
			sourceTree = "<group>";
		};
		0401D90627AB5CFB00D12D60 /* Modern Fertility Assessment */ = {
			isa = PBXGroup;
			children = (
				0401D94227AB99C300D12D60 /* ContentView */,
				0401D94027AB99A500D12D60 /* App */,
				0401D93127AB5D5D00D12D60 /* Network */,
				0401D90D27AB5CFD00D12D60 /* Preview Content */,
			);
			path = "Modern Fertility Assessment";
			sourceTree = "<group>";
		};
		0401D90D27AB5CFD00D12D60 /* Preview Content */ = {
			isa = PBXGroup;
			children = (
				0401D90E27AB5CFD00D12D60 /* Preview Assets.xcassets */,
			);
			path = "Preview Content";
			sourceTree = "<group>";
		};
		0401D91727AB5CFD00D12D60 /* Modern Fertility AssessmentTests */ = {
			isa = PBXGroup;
			children = (
				0401D91827AB5CFD00D12D60 /* Modern_Fertility_AssessmentTests.swift */,
			);
			path = "Modern Fertility AssessmentTests";
			sourceTree = "<group>";
		};
		0401D92127AB5CFD00D12D60 /* Modern Fertility AssessmentUITests */ = {
			isa = PBXGroup;
			children = (
				0401D92227AB5CFD00D12D60 /* Modern_Fertility_AssessmentUITests.swift */,
				0401D92427AB5CFD00D12D60 /* Modern_Fertility_AssessmentUITestsLaunchTests.swift */,
			);
			path = "Modern Fertility AssessmentUITests";
			sourceTree = "<group>";
		};
		0401D93127AB5D5D00D12D60 /* Network */ = {
			isa = PBXGroup;
			children = (
				0401D93227AB5D8B00D12D60 /* RemoteNetworkProvider.swift */,
			);
			path = Network;
			sourceTree = "<group>";
		};
		0401D94027AB99A500D12D60 /* App */ = {
			isa = PBXGroup;
			children = (
				0401D90727AB5CFB00D12D60 /* Modern_Fertility_AssessmentApp.swift */,
				0401D90B27AB5CFD00D12D60 /* Assets.xcassets */,
				0401D93627AB824900D12D60 /* Localizable.strings */,
			);
			path = App;
			sourceTree = "<group>";
		};
		0401D94227AB99C300D12D60 /* ContentView */ = {
			isa = PBXGroup;
			children = (
				0401D94527AB9A0C00D12D60 /* Data Access */,
				0401D94427AB99F100D12D60 /* UI */,
			);
			path = ContentView;
			sourceTree = "<group>";
		};
		0401D94427AB99F100D12D60 /* UI */ = {
			isa = PBXGroup;
			children = (
				0401D93C27AB893100D12D60 /* SocialPostView.swift */,
				0401D93E27AB95A200D12D60 /* SocialPostDetailsView.swift */,
				0401D90927AB5CFB00D12D60 /* ContentView.swift */,
			);
			path = UI;
			sourceTree = "<group>";
		};
		0401D94527AB9A0C00D12D60 /* Data Access */ = {
			isa = PBXGroup;
			children = (
				0401D93827AB866B00D12D60 /* ContentViewModel.swift */,
				0401D93A27AB868500D12D60 /* SocialPost.swift */,
			);
			path = "Data Access";
			sourceTree = "<group>";
		};
/* End PBXGroup section */

/* Begin PBXNativeTarget section */
		0401D90327AB5CFB00D12D60 /* Modern Fertility Assessment */ = {
			isa = PBXNativeTarget;
			buildConfigurationList = 0401D92827AB5CFD00D12D60 /* Build configuration list for PBXNativeTarget "Modern Fertility Assessment" */;
			buildPhases = (
				0401D90027AB5CFB00D12D60 /* Sources */,
				0401D90127AB5CFB00D12D60 /* Frameworks */,
				0401D90227AB5CFB00D12D60 /* Resources */,
			);
			buildRules = (
			);
			dependencies = (
			);
			name = "Modern Fertility Assessment";
			productName = "Modern Fertility Assessment";
			productReference = 0401D90427AB5CFB00D12D60 /* Modern Fertility Assessment.app */;
			productType = "com.apple.product-type.application";
		};
		0401D91327AB5CFD00D12D60 /* Modern Fertility AssessmentTests */ = {
			isa = PBXNativeTarget;
			buildConfigurationList = 0401D92B27AB5CFD00D12D60 /* Build configuration list for PBXNativeTarget "Modern Fertility AssessmentTests" */;
			buildPhases = (
				0401D91027AB5CFD00D12D60 /* Sources */,
				0401D91127AB5CFD00D12D60 /* Frameworks */,
				0401D91227AB5CFD00D12D60 /* Resources */,
			);
			buildRules = (
			);
			dependencies = (
				0401D91627AB5CFD00D12D60 /* PBXTargetDependency */,
			);
			name = "Modern Fertility AssessmentTests";
			productName = "Modern Fertility AssessmentTests";
			productReference = 0401D91427AB5CFD00D12D60 /* Modern Fertility AssessmentTests.xctest */;
			productType = "com.apple.product-type.bundle.unit-test";
		};
		0401D91D27AB5CFD00D12D60 /* Modern Fertility AssessmentUITests */ = {
			isa = PBXNativeTarget;
			buildConfigurationList = 0401D92E27AB5CFD00D12D60 /* Build configuration list for PBXNativeTarget "Modern Fertility AssessmentUITests" */;
			buildPhases = (
				0401D91A27AB5CFD00D12D60 /* Sources */,
				0401D91B27AB5CFD00D12D60 /* Frameworks */,
				0401D91C27AB5CFD00D12D60 /* Resources */,
			);
			buildRules = (
			);
			dependencies = (
				0401D92027AB5CFD00D12D60 /* PBXTargetDependency */,
			);
			name = "Modern Fertility AssessmentUITests";
			productName = "Modern Fertility AssessmentUITests";
			productReference = 0401D91E27AB5CFD00D12D60 /* Modern Fertility AssessmentUITests.xctest */;
			productType = "com.apple.product-type.bundle.ui-testing";
		};
/* End PBXNativeTarget section */

/* Begin PBXProject section */
		0401D8FC27AB5CFB00D12D60 /* Project object */ = {
			isa = PBXProject;
			attributes = {
				BuildIndependentTargetsInParallel = 1;
				LastSwiftUpdateCheck = 1320;
				LastUpgradeCheck = 1320;
				TargetAttributes = {
					0401D90327AB5CFB00D12D60 = {
						CreatedOnToolsVersion = 13.2.1;
					};
					0401D91327AB5CFD00D12D60 = {
						CreatedOnToolsVersion = 13.2.1;
						TestTargetID = 0401D90327AB5CFB00D12D60;
					};
					0401D91D27AB5CFD00D12D60 = {
						CreatedOnToolsVersion = 13.2.1;
						TestTargetID = 0401D90327AB5CFB00D12D60;
					};
				};
			};
			buildConfigurationList = 0401D8FF27AB5CFB00D12D60 /* Build configuration list for PBXProject "Modern Fertility Assessment" */;
			compatibilityVersion = "Xcode 13.0";
			developmentRegion = en;
			hasScannedForEncodings = 0;
			knownRegions = (
				en,
				Base,
			);
			mainGroup = 0401D8FB27AB5CFB00D12D60;
			productRefGroup = 0401D90527AB5CFB00D12D60 /* Products */;
			projectDirPath = "";
			projectRoot = "";
			targets = (
				0401D90327AB5CFB00D12D60 /* Modern Fertility Assessment */,
				0401D91327AB5CFD00D12D60 /* Modern Fertility AssessmentTests */,
				0401D91D27AB5CFD00D12D60 /* Modern Fertility AssessmentUITests */,
			);
		};
/* End PBXProject section */

/* Begin PBXResourcesBuildPhase section */
		0401D90227AB5CFB00D12D60 /* Resources */ = {
			isa = PBXResourcesBuildPhase;
			buildActionMask = 2147483647;
			files = (
				0401D90F27AB5CFD00D12D60 /* Preview Assets.xcassets in Resources */,
				0401D93727AB824900D12D60 /* Localizable.strings in Resources */,
				0401D90C27AB5CFD00D12D60 /* Assets.xcassets in Resources */,
			);
			runOnlyForDeploymentPostprocessing = 0;
		};
		0401D91227AB5CFD00D12D60 /* Resources */ = {
			isa = PBXResourcesBuildPhase;
			buildActionMask = 2147483647;
			files = (
			);
			runOnlyForDeploymentPostprocessing = 0;
		};
		0401D91C27AB5CFD00D12D60 /* Resources */ = {
			isa = PBXResourcesBuildPhase;
			buildActionMask = 2147483647;
			files = (
			);
			runOnlyForDeploymentPostprocessing = 0;
		};
/* End PBXResourcesBuildPhase section */

/* Begin PBXSourcesBuildPhase section */
		0401D90027AB5CFB00D12D60 /* Sources */ = {
			isa = PBXSourcesBuildPhase;
			buildActionMask = 2147483647;
			files = (
				0401D93B27AB868500D12D60 /* SocialPost.swift in Sources */,
				0401D93927AB866B00D12D60 /* ContentViewModel.swift in Sources */,
				0401D93327AB5D8B00D12D60 /* RemoteNetworkProvider.swift in Sources */,
				0401D93D27AB893100D12D60 /* SocialPostView.swift in Sources */,
				0401D93F27AB95A200D12D60 /* SocialPostDetailsView.swift in Sources */,
				0401D90A27AB5CFB00D12D60 /* ContentView.swift in Sources */,
				0401D90827AB5CFB00D12D60 /* Modern_Fertility_AssessmentApp.swift in Sources */,
			);
			runOnlyForDeploymentPostprocessing = 0;
		};
		0401D91027AB5CFD00D12D60 /* Sources */ = {
			isa = PBXSourcesBuildPhase;
			buildActionMask = 2147483647;
			files = (
				0401D91927AB5CFD00D12D60 /* Modern_Fertility_AssessmentTests.swift in Sources */,
			);
			runOnlyForDeploymentPostprocessing = 0;
		};
		0401D91A27AB5CFD00D12D60 /* Sources */ = {
			isa = PBXSourcesBuildPhase;
			buildActionMask = 2147483647;
			files = (
				0401D92527AB5CFD00D12D60 /* Modern_Fertility_AssessmentUITestsLaunchTests.swift in Sources */,
				0401D92327AB5CFD00D12D60 /* Modern_Fertility_AssessmentUITests.swift in Sources */,
			);
			runOnlyForDeploymentPostprocessing = 0;
		};
/* End PBXSourcesBuildPhase section */

/* Begin PBXTargetDependency section */
		0401D91627AB5CFD00D12D60 /* PBXTargetDependency */ = {
			isa = PBXTargetDependency;
			target = 0401D90327AB5CFB00D12D60 /* Modern Fertility Assessment */;
			targetProxy = 0401D91527AB5CFD00D12D60 /* PBXContainerItemProxy */;
		};
		0401D92027AB5CFD00D12D60 /* PBXTargetDependency */ = {
			isa = PBXTargetDependency;
			target = 0401D90327AB5CFB00D12D60 /* Modern Fertility Assessment */;
			targetProxy = 0401D91F27AB5CFD00D12D60 /* PBXContainerItemProxy */;
		};
/* End PBXTargetDependency section */

/* Begin XCBuildConfiguration section */
		0401D92627AB5CFD00D12D60 /* Debug */ = {
			isa = XCBuildConfiguration;
			buildSettings = {
				ALWAYS_SEARCH_USER_PATHS = NO;
				CLANG_ANALYZER_NONNULL = YES;
				CLANG_ANALYZER_NUMBER_OBJECT_CONVERSION = YES_AGGRESSIVE;
				CLANG_CXX_LANGUAGE_STANDARD = "gnu++17";
				CLANG_CXX_LIBRARY = "libc++";
				CLANG_ENABLE_MODULES = YES;
				CLANG_ENABLE_OBJC_ARC = YES;
				CLANG_ENABLE_OBJC_WEAK = YES;
				CLANG_WARN_BLOCK_CAPTURE_AUTORELEASING = YES;
				CLANG_WARN_BOOL_CONVERSION = YES;
				CLANG_WARN_COMMA = YES;
				CLANG_WARN_CONSTANT_CONVERSION = YES;
				CLANG_WARN_DEPRECATED_OBJC_IMPLEMENTATIONS = YES;
				CLANG_WARN_DIRECT_OBJC_ISA_USAGE = YES_ERROR;
				CLANG_WARN_DOCUMENTATION_COMMENTS = YES;
				CLANG_WARN_EMPTY_BODY = YES;
				CLANG_WARN_ENUM_CONVERSION = YES;
				CLANG_WARN_INFINITE_RECURSION = YES;
				CLANG_WARN_INT_CONVERSION = YES;
				CLANG_WARN_NON_LITERAL_NULL_CONVERSION = YES;
				CLANG_WARN_OBJC_IMPLICIT_RETAIN_SELF = YES;
				CLANG_WARN_OBJC_LITERAL_CONVERSION = YES;
				CLANG_WARN_OBJC_ROOT_CLASS = YES_ERROR;
				CLANG_WARN_QUOTED_INCLUDE_IN_FRAMEWORK_HEADER = YES;
				CLANG_WARN_RANGE_LOOP_ANALYSIS = YES;
				CLANG_WARN_STRICT_PROTOTYPES = YES;
				CLANG_WARN_SUSPICIOUS_MOVE = YES;
				CLANG_WARN_UNGUARDED_AVAILABILITY = YES_AGGRESSIVE;
				CLANG_WARN_UNREACHABLE_CODE = YES;
				CLANG_WARN__DUPLICATE_METHOD_MATCH = YES;
				COPY_PHASE_STRIP = NO;
				DEBUG_INFORMATION_FORMAT = dwarf;
				ENABLE_STRICT_OBJC_MSGSEND = YES;
				ENABLE_TESTABILITY = YES;
				GCC_C_LANGUAGE_STANDARD = gnu11;
				GCC_DYNAMIC_NO_PIC = NO;
				GCC_NO_COMMON_BLOCKS = YES;
				GCC_OPTIMIZATION_LEVEL = 0;
				GCC_PREPROCESSOR_DEFINITIONS = (
					"DEBUG=1",
					"$(inherited)",
				);
				GCC_WARN_64_TO_32_BIT_CONVERSION = YES;
				GCC_WARN_ABOUT_RETURN_TYPE = YES_ERROR;
				GCC_WARN_UNDECLARED_SELECTOR = YES;
				GCC_WARN_UNINITIALIZED_AUTOS = YES_AGGRESSIVE;
				GCC_WARN_UNUSED_FUNCTION = YES;
				GCC_WARN_UNUSED_VARIABLE = YES;
				IPHONEOS_DEPLOYMENT_TARGET = 15.2;
				MTL_ENABLE_DEBUG_INFO = INCLUDE_SOURCE;
				MTL_FAST_MATH = YES;
				ONLY_ACTIVE_ARCH = YES;
				SDKROOT = iphoneos;
				SWIFT_ACTIVE_COMPILATION_CONDITIONS = DEBUG;
				SWIFT_OPTIMIZATION_LEVEL = "-Onone";
			};
			name = Debug;
		};
		0401D92727AB5CFD00D12D60 /* Release */ = {
			isa = XCBuildConfiguration;
			buildSettings = {
				ALWAYS_SEARCH_USER_PATHS = NO;
				CLANG_ANALYZER_NONNULL = YES;
				CLANG_ANALYZER_NUMBER_OBJECT_CONVERSION = YES_AGGRESSIVE;
				CLANG_CXX_LANGUAGE_STANDARD = "gnu++17";
				CLANG_CXX_LIBRARY = "libc++";
				CLANG_ENABLE_MODULES = YES;
				CLANG_ENABLE_OBJC_ARC = YES;
				CLANG_ENABLE_OBJC_WEAK = YES;
				CLANG_WARN_BLOCK_CAPTURE_AUTORELEASING = YES;
				CLANG_WARN_BOOL_CONVERSION = YES;
				CLANG_WARN_COMMA = YES;
				CLANG_WARN_CONSTANT_CONVERSION = YES;
				CLANG_WARN_DEPRECATED_OBJC_IMPLEMENTATIONS = YES;
				CLANG_WARN_DIRECT_OBJC_ISA_USAGE = YES_ERROR;
				CLANG_WARN_DOCUMENTATION_COMMENTS = YES;
				CLANG_WARN_EMPTY_BODY = YES;
				CLANG_WARN_ENUM_CONVERSION = YES;
				CLANG_WARN_INFINITE_RECURSION = YES;
				CLANG_WARN_INT_CONVERSION = YES;
				CLANG_WARN_NON_LITERAL_NULL_CONVERSION = YES;
				CLANG_WARN_OBJC_IMPLICIT_RETAIN_SELF = YES;
				CLANG_WARN_OBJC_LITERAL_CONVERSION = YES;
				CLANG_WARN_OBJC_ROOT_CLASS = YES_ERROR;
				CLANG_WARN_QUOTED_INCLUDE_IN_FRAMEWORK_HEADER = YES;
				CLANG_WARN_RANGE_LOOP_ANALYSIS = YES;
				CLANG_WARN_STRICT_PROTOTYPES = YES;
				CLANG_WARN_SUSPICIOUS_MOVE = YES;
				CLANG_WARN_UNGUARDED_AVAILABILITY = YES_AGGRESSIVE;
				CLANG_WARN_UNREACHABLE_CODE = YES;
				CLANG_WARN__DUPLICATE_METHOD_MATCH = YES;
				COPY_PHASE_STRIP = NO;
				DEBUG_INFORMATION_FORMAT = "dwarf-with-dsym";
				ENABLE_NS_ASSERTIONS = NO;
				ENABLE_STRICT_OBJC_MSGSEND = YES;
				GCC_C_LANGUAGE_STANDARD = gnu11;
				GCC_NO_COMMON_BLOCKS = YES;
				GCC_WARN_64_TO_32_BIT_CONVERSION = YES;
				GCC_WARN_ABOUT_RETURN_TYPE = YES_ERROR;
				GCC_WARN_UNDECLARED_SELECTOR = YES;
				GCC_WARN_UNINITIALIZED_AUTOS = YES_AGGRESSIVE;
				GCC_WARN_UNUSED_FUNCTION = YES;
				GCC_WARN_UNUSED_VARIABLE = YES;
				IPHONEOS_DEPLOYMENT_TARGET = 15.2;
				MTL_ENABLE_DEBUG_INFO = NO;
				MTL_FAST_MATH = YES;
				SDKROOT = iphoneos;
				SWIFT_COMPILATION_MODE = wholemodule;
				SWIFT_OPTIMIZATION_LEVEL = "-O";
				VALIDATE_PRODUCT = YES;
			};
			name = Release;
		};
		0401D92927AB5CFD00D12D60 /* Debug */ = {
			isa = XCBuildConfiguration;
			buildSettings = {
				ASSETCATALOG_COMPILER_APPICON_NAME = AppIcon;
				ASSETCATALOG_COMPILER_GLOBAL_ACCENT_COLOR_NAME = AccentColor;
				CODE_SIGN_STYLE = Automatic;
				CURRENT_PROJECT_VERSION = 1;
				DEVELOPMENT_ASSET_PATHS = "\"Modern Fertility Assessment/Preview Content\"";
				DEVELOPMENT_TEAM = 422Y4K9N6G;
				ENABLE_PREVIEWS = YES;
				GENERATE_INFOPLIST_FILE = YES;
				INFOPLIST_KEY_UIApplicationSceneManifest_Generation = YES;
				INFOPLIST_KEY_UIApplicationSupportsIndirectInputEvents = YES;
				INFOPLIST_KEY_UILaunchScreen_Generation = YES;
				INFOPLIST_KEY_UISupportedInterfaceOrientations = "UIInterfaceOrientationPortrait UIInterfaceOrientationPortraitUpsideDown";
				INFOPLIST_KEY_UISupportedInterfaceOrientations_iPad = "UIInterfaceOrientationPortrait UIInterfaceOrientationPortraitUpsideDown UIInterfaceOrientationLandscapeLeft UIInterfaceOrientationLandscapeRight";
				INFOPLIST_KEY_UISupportedInterfaceOrientations_iPhone = "UIInterfaceOrientationPortrait UIInterfaceOrientationLandscapeLeft UIInterfaceOrientationLandscapeRight";
				LD_RUNPATH_SEARCH_PATHS = (
					"$(inherited)",
					"@executable_path/Frameworks",
				);
				MARKETING_VERSION = 1.0;
				PRODUCT_BUNDLE_IDENTIFIER = "com.example..Modern-Fertility-Assessment";
				PRODUCT_NAME = "$(TARGET_NAME)";
				SWIFT_EMIT_LOC_STRINGS = YES;
				SWIFT_VERSION = 5.0;
				TARGETED_DEVICE_FAMILY = "1,2";
			};
			name = Debug;
		};
		0401D92A27AB5CFD00D12D60 /* Release */ = {
			isa = XCBuildConfiguration;
			buildSettings = {
				ASSETCATALOG_COMPILER_APPICON_NAME = AppIcon;
				ASSETCATALOG_COMPILER_GLOBAL_ACCENT_COLOR_NAME = AccentColor;
				CODE_SIGN_STYLE = Automatic;
				CURRENT_PROJECT_VERSION = 1;
				DEVELOPMENT_ASSET_PATHS = "\"Modern Fertility Assessment/Preview Content\"";
				DEVELOPMENT_TEAM = 422Y4K9N6G;
				ENABLE_PREVIEWS = YES;
				GENERATE_INFOPLIST_FILE = YES;
				INFOPLIST_KEY_UIApplicationSceneManifest_Generation = YES;
				INFOPLIST_KEY_UIApplicationSupportsIndirectInputEvents = YES;
				INFOPLIST_KEY_UILaunchScreen_Generation = YES;
				INFOPLIST_KEY_UISupportedInterfaceOrientations = "UIInterfaceOrientationPortrait UIInterfaceOrientationPortraitUpsideDown";
				INFOPLIST_KEY_UISupportedInterfaceOrientations_iPad = "UIInterfaceOrientationPortrait UIInterfaceOrientationPortraitUpsideDown UIInterfaceOrientationLandscapeLeft UIInterfaceOrientationLandscapeRight";
				INFOPLIST_KEY_UISupportedInterfaceOrientations_iPhone = "UIInterfaceOrientationPortrait UIInterfaceOrientationLandscapeLeft UIInterfaceOrientationLandscapeRight";
				LD_RUNPATH_SEARCH_PATHS = (
					"$(inherited)",
					"@executable_path/Frameworks",
				);
				MARKETING_VERSION = 1.0;
				PRODUCT_BUNDLE_IDENTIFIER = "com.example..Modern-Fertility-Assessment";
				PRODUCT_NAME = "$(TARGET_NAME)";
				SWIFT_EMIT_LOC_STRINGS = YES;
				SWIFT_VERSION = 5.0;
				TARGETED_DEVICE_FAMILY = "1,2";
			};
			name = Release;
		};
		0401D92C27AB5CFD00D12D60 /* Debug */ = {
			isa = XCBuildConfiguration;
			buildSettings = {
				ALWAYS_EMBED_SWIFT_STANDARD_LIBRARIES = YES;
				BUNDLE_LOADER = "$(TEST_HOST)";
				CODE_SIGN_STYLE = Automatic;
				CURRENT_PROJECT_VERSION = 1;
				DEVELOPMENT_TEAM = 422Y4K9N6G;
				GENERATE_INFOPLIST_FILE = YES;
				IPHONEOS_DEPLOYMENT_TARGET = 15.2;
				MARKETING_VERSION = 1.0;
				PRODUCT_BUNDLE_IDENTIFIER = "com.example..Modern-Fertility-AssessmentTests";
				PRODUCT_NAME = "$(TARGET_NAME)";
				SWIFT_EMIT_LOC_STRINGS = NO;
				SWIFT_VERSION = 5.0;
				TARGETED_DEVICE_FAMILY = "1,2";
				TEST_HOST = "$(BUILT_PRODUCTS_DIR)/Modern Fertility Assessment.app/Modern Fertility Assessment";
			};
			name = Debug;
		};
		0401D92D27AB5CFD00D12D60 /* Release */ = {
			isa = XCBuildConfiguration;
			buildSettings = {
				ALWAYS_EMBED_SWIFT_STANDARD_LIBRARIES = YES;
				BUNDLE_LOADER = "$(TEST_HOST)";
				CODE_SIGN_STYLE = Automatic;
				CURRENT_PROJECT_VERSION = 1;
				DEVELOPMENT_TEAM = 422Y4K9N6G;
				GENERATE_INFOPLIST_FILE = YES;
				IPHONEOS_DEPLOYMENT_TARGET = 15.2;
				MARKETING_VERSION = 1.0;
				PRODUCT_BUNDLE_IDENTIFIER = "com.example..Modern-Fertility-AssessmentTests";
				PRODUCT_NAME = "$(TARGET_NAME)";
				SWIFT_EMIT_LOC_STRINGS = NO;
				SWIFT_VERSION = 5.0;
				TARGETED_DEVICE_FAMILY = "1,2";
				TEST_HOST = "$(BUILT_PRODUCTS_DIR)/Modern Fertility Assessment.app/Modern Fertility Assessment";
			};
			name = Release;
		};
		0401D92F27AB5CFD00D12D60 /* Debug */ = {
			isa = XCBuildConfiguration;
			buildSettings = {
				ALWAYS_EMBED_SWIFT_STANDARD_LIBRARIES = YES;
				CODE_SIGN_STYLE = Automatic;
				CURRENT_PROJECT_VERSION = 1;
				DEVELOPMENT_TEAM = 422Y4K9N6G;
				GENERATE_INFOPLIST_FILE = YES;
				MARKETING_VERSION = 1.0;
				PRODUCT_BUNDLE_IDENTIFIER = "com.example..Modern-Fertility-AssessmentUITests";
				PRODUCT_NAME = "$(TARGET_NAME)";
				SWIFT_EMIT_LOC_STRINGS = NO;
				SWIFT_VERSION = 5.0;
				TARGETED_DEVICE_FAMILY = "1,2";
				TEST_TARGET_NAME = "Modern Fertility Assessment";
			};
			name = Debug;
		};
		0401D93027AB5CFD00D12D60 /* Release */ = {
			isa = XCBuildConfiguration;
			buildSettings = {
				ALWAYS_EMBED_SWIFT_STANDARD_LIBRARIES = YES;
				CODE_SIGN_STYLE = Automatic;
				CURRENT_PROJECT_VERSION = 1;
				DEVELOPMENT_TEAM = 422Y4K9N6G;
				GENERATE_INFOPLIST_FILE = YES;
				MARKETING_VERSION = 1.0;
				PRODUCT_BUNDLE_IDENTIFIER = "com.example..Modern-Fertility-AssessmentUITests";
				PRODUCT_NAME = "$(TARGET_NAME)";
				SWIFT_EMIT_LOC_STRINGS = NO;
				SWIFT_VERSION = 5.0;
				TARGETED_DEVICE_FAMILY = "1,2";
				TEST_TARGET_NAME = "Modern Fertility Assessment";
			};
			name = Release;
		};
/* End XCBuildConfiguration section */

/* Begin XCConfigurationList section */
		0401D8FF27AB5CFB00D12D60 /* Build configuration list for PBXProject "Modern Fertility Assessment" */ = {
			isa = XCConfigurationList;
			buildConfigurations = (
				0401D92627AB5CFD00D12D60 /* Debug */,
				0401D92727AB5CFD00D12D60 /* Release */,
			);
			defaultConfigurationIsVisible = 0;
			defaultConfigurationName = Release;
		};
		0401D92827AB5CFD00D12D60 /* Build configuration list for PBXNativeTarget "Modern Fertility Assessment" */ = {
			isa = XCConfigurationList;
			buildConfigurations = (
				0401D92927AB5CFD00D12D60 /* Debug */,
				0401D92A27AB5CFD00D12D60 /* Release */,
			);
			defaultConfigurationIsVisible = 0;
			defaultConfigurationName = Release;
		};
		0401D92B27AB5CFD00D12D60 /* Build configuration list for PBXNativeTarget "Modern Fertility AssessmentTests" */ = {
			isa = XCConfigurationList;
			buildConfigurations = (
				0401D92C27AB5CFD00D12D60 /* Debug */,
				0401D92D27AB5CFD00D12D60 /* Release */,
			);
			defaultConfigurationIsVisible = 0;
			defaultConfigurationName = Release;
		};
		0401D92E27AB5CFD00D12D60 /* Build configuration list for PBXNativeTarget "Modern Fertility AssessmentUITests" */ = {
			isa = XCConfigurationList;
			buildConfigurations = (
				0401D92F27AB5CFD00D12D60 /* Debug */,
				0401D93027AB5CFD00D12D60 /* Release */,
			);
			defaultConfigurationIsVisible = 0;
			defaultConfigurationName = Release;
		};
/* End XCConfigurationList section */
	};
	rootObject = 0401D8FC27AB5CFB00D12D60 /* Project object */;
}
